// !$*UTF8*$!
{
	archiveVersion = 1;
	classes = {
	};
	objectVersion = 54;
	objects = {

/* Begin PBXBuildFile section */
		0FCBF834F734726429A79AA2 /* Pods_ClearApp_ClearAppTests.framework in Frameworks */ = {isa = PBXBuildFile; fileRef = 4F69FDC58CE071B38D0BCAEC /* Pods_ClearApp_ClearAppTests.framework */; };
		8A8A3D350F1DED93F3E5CD9C /* Pods_ClearApp.framework in Frameworks */ = {isa = PBXBuildFile; fileRef = 2ABEDE183A42CD46E8CF1ED3 /* Pods_ClearApp.framework */; };
		B33312E62B8B67370040B0DF /* AppDelegate.mm in Sources */ = {isa = PBXBuildFile; fileRef = 13B07FB01A68108700A75B9A /* AppDelegate.mm */; };
		B33312E72B8B67410040B0DF /* main.m in Sources */ = {isa = PBXBuildFile; fileRef = 13B07FB71A68108700A75B9A /* main.m */; };
		B33312E82B8B67880040B0DF /* LaunchScreen.storyboard in Resources */ = {isa = PBXBuildFile; fileRef = 81AB9BB72411601600AC10FF /* LaunchScreen.storyboard */; };
		B33312E92B8B67920040B0DF /* Images.xcassets in Resources */ = {isa = PBXBuildFile; fileRef = 13B07FB51A68108700A75B9A /* Images.xcassets */; };
		B33312EA2B8B679F0040B0DF /* GoogleService-Info.plist in Resources */ = {isa = PBXBuildFile; fileRef = B317FF312B3DB1CD00FBB8F5 /* GoogleService-Info.plist */; };
		B33312EB2B8B67BC0040B0DF /* SF Pro Text Bold.ttf in Resources */ = {isa = PBXBuildFile; fileRef = 4DA16F63C84842AA879EA36B /* SF Pro Text Bold.ttf */; };
		B33312EC2B8B67BC0040B0DF /* SF Pro Text BoldItalic.ttf in Resources */ = {isa = PBXBuildFile; fileRef = 656CF705FE864568972718E1 /* SF Pro Text BoldItalic.ttf */; };
		B33312ED2B8B67BC0040B0DF /* SF Pro Text Heavy.ttf in Resources */ = {isa = PBXBuildFile; fileRef = 39FDFE0B56294026B11ECBA7 /* SF Pro Text Heavy.ttf */; };
		B33312EE2B8B67BC0040B0DF /* SF Pro Text HeavyItalic.ttf in Resources */ = {isa = PBXBuildFile; fileRef = B0A8E6B34DFA4C3384AEAA3C /* SF Pro Text HeavyItalic.ttf */; };
		B33312EF2B8B67BC0040B0DF /* SF Pro Text Light.ttf in Resources */ = {isa = PBXBuildFile; fileRef = 45C3CE9AF0834C2DAAECD8D3 /* SF Pro Text Light.ttf */; };
		B33312F02B8B67BC0040B0DF /* SF Pro Text LightItalic.ttf in Resources */ = {isa = PBXBuildFile; fileRef = AB3732452CB84A2DBB00CCFE /* SF Pro Text LightItalic.ttf */; };
		B33312F12B8B67BC0040B0DF /* SF Pro Text Medium.ttf in Resources */ = {isa = PBXBuildFile; fileRef = C6C8D7CD916147FF8C2CDB96 /* SF Pro Text Medium.ttf */; };
		B33312F22B8B67BC0040B0DF /* SF Pro Text MediumItalic.ttf in Resources */ = {isa = PBXBuildFile; fileRef = AC104DB4C29849EA9E8025FA /* SF Pro Text MediumItalic.ttf */; };
		B33312F32B8B67BC0040B0DF /* SF Pro Text Regular.ttf in Resources */ = {isa = PBXBuildFile; fileRef = DF17E0F466C94F90B2A5AA6E /* SF Pro Text Regular.ttf */; };
		B33312F42B8B67BC0040B0DF /* SF Pro Text RegularItalic.ttf in Resources */ = {isa = PBXBuildFile; fileRef = 5D02FA6EF6D24156BCE327C1 /* SF Pro Text RegularItalic.ttf */; };
		B33312F52B8B67BC0040B0DF /* SF Pro Text Semibold.ttf in Resources */ = {isa = PBXBuildFile; fileRef = 58843C4FCC9D45CA94A8947D /* SF Pro Text Semibold.ttf */; };
		B33312F62B8B67BC0040B0DF /* SF Pro Text SemiboldItalic.ttf in Resources */ = {isa = PBXBuildFile; fileRef = BF831689AF2149668546F21F /* SF Pro Text SemiboldItalic.ttf */; };
		B33313102B8BE10E0040B0DF /* Fontisto.ttf in Resources */ = {isa = PBXBuildFile; fileRef = B33312FD2B8BE10E0040B0DF /* Fontisto.ttf */; };
		B33313112B8BE10E0040B0DF /* Octicons.ttf in Resources */ = {isa = PBXBuildFile; fileRef = B33312FE2B8BE10E0040B0DF /* Octicons.ttf */; };
		B33313122B8BE10E0040B0DF /* Feather.ttf in Resources */ = {isa = PBXBuildFile; fileRef = B33312FF2B8BE10E0040B0DF /* Feather.ttf */; };
		B33313132B8BE10E0040B0DF /* FontAwesome6_Regular.ttf in Resources */ = {isa = PBXBuildFile; fileRef = B33313002B8BE10E0040B0DF /* FontAwesome6_Regular.ttf */; };
		B33313142B8BE10E0040B0DF /* Entypo.ttf in Resources */ = {isa = PBXBuildFile; fileRef = B33313012B8BE10E0040B0DF /* Entypo.ttf */; };
		B33313152B8BE10E0040B0DF /* FontAwesome5_Brands.ttf in Resources */ = {isa = PBXBuildFile; fileRef = B33313022B8BE10E0040B0DF /* FontAwesome5_Brands.ttf */; };
		B33313162B8BE10E0040B0DF /* MaterialCommunityIcons.ttf in Resources */ = {isa = PBXBuildFile; fileRef = B33313032B8BE10E0040B0DF /* MaterialCommunityIcons.ttf */; };
		B33313172B8BE10E0040B0DF /* AntDesign.ttf in Resources */ = {isa = PBXBuildFile; fileRef = B33313042B8BE10E0040B0DF /* AntDesign.ttf */; };
		B33313182B8BE10E0040B0DF /* Foundation.ttf in Resources */ = {isa = PBXBuildFile; fileRef = B33313052B8BE10E0040B0DF /* Foundation.ttf */; };
		B33313192B8BE10E0040B0DF /* Ionicons.ttf in Resources */ = {isa = PBXBuildFile; fileRef = B33313062B8BE10E0040B0DF /* Ionicons.ttf */; };
		B333131A2B8BE10E0040B0DF /* FontAwesome5_Solid.ttf in Resources */ = {isa = PBXBuildFile; fileRef = B33313072B8BE10E0040B0DF /* FontAwesome5_Solid.ttf */; };
		B333131B2B8BE10E0040B0DF /* FontAwesome5_Regular.ttf in Resources */ = {isa = PBXBuildFile; fileRef = B33313082B8BE10E0040B0DF /* FontAwesome5_Regular.ttf */; };
		B333131C2B8BE10E0040B0DF /* FontAwesome.ttf in Resources */ = {isa = PBXBuildFile; fileRef = B33313092B8BE10E0040B0DF /* FontAwesome.ttf */; };
		B333131D2B8BE10E0040B0DF /* Zocial.ttf in Resources */ = {isa = PBXBuildFile; fileRef = B333130A2B8BE10E0040B0DF /* Zocial.ttf */; };
		B333131E2B8BE10E0040B0DF /* EvilIcons.ttf in Resources */ = {isa = PBXBuildFile; fileRef = B333130B2B8BE10E0040B0DF /* EvilIcons.ttf */; };
		B333131F2B8BE10E0040B0DF /* FontAwesome6_Solid.ttf in Resources */ = {isa = PBXBuildFile; fileRef = B333130C2B8BE10E0040B0DF /* FontAwesome6_Solid.ttf */; };
		B33313202B8BE10E0040B0DF /* SimpleLineIcons.ttf in Resources */ = {isa = PBXBuildFile; fileRef = B333130D2B8BE10E0040B0DF /* SimpleLineIcons.ttf */; };
		B33313212B8BE10E0040B0DF /* FontAwesome6_Brands.ttf in Resources */ = {isa = PBXBuildFile; fileRef = B333130E2B8BE10E0040B0DF /* FontAwesome6_Brands.ttf */; };
		B33313222B8BE10E0040B0DF /* MaterialIcons.ttf in Resources */ = {isa = PBXBuildFile; fileRef = B333130F2B8BE10E0040B0DF /* MaterialIcons.ttf */; };
/* End PBXBuildFile section */

/* Begin PBXFileReference section */
		00E356F11AD99517003FC87E /* Info.plist */ = {isa = PBXFileReference; lastKnownFileType = text.plist.xml; path = Info.plist; sourceTree = "<group>"; };
		00E356F21AD99517003FC87E /* ClearAppTests.m */ = {isa = PBXFileReference; lastKnownFileType = sourcecode.c.objc; path = ClearAppTests.m; sourceTree = "<group>"; };
		13B07FAF1A68108700A75B9A /* AppDelegate.h */ = {isa = PBXFileReference; fileEncoding = 4; lastKnownFileType = sourcecode.c.h; name = AppDelegate.h; path = ClearApp/AppDelegate.h; sourceTree = "<group>"; };
		13B07FB01A68108700A75B9A /* AppDelegate.mm */ = {isa = PBXFileReference; fileEncoding = 4; lastKnownFileType = sourcecode.cpp.objcpp; name = AppDelegate.mm; path = ClearApp/AppDelegate.mm; sourceTree = "<group>"; };
		13B07FB51A68108700A75B9A /* Images.xcassets */ = {isa = PBXFileReference; lastKnownFileType = folder.assetcatalog; name = Images.xcassets; path = ClearApp/Images.xcassets; sourceTree = "<group>"; };
		13B07FB61A68108700A75B9A /* Info.plist */ = {isa = PBXFileReference; fileEncoding = 4; lastKnownFileType = text.plist.xml; name = Info.plist; path = ClearApp/Info.plist; sourceTree = "<group>"; };
		13B07FB71A68108700A75B9A /* main.m */ = {isa = PBXFileReference; fileEncoding = 4; lastKnownFileType = sourcecode.c.objc; name = main.m; path = ClearApp/main.m; sourceTree = "<group>"; };
		1E6A81F35230208A6C2F6B1B /* Pods-ClearApp-ClearAppTests.debug.xcconfig */ = {isa = PBXFileReference; includeInIndex = 1; lastKnownFileType = text.xcconfig; name = "Pods-ClearApp-ClearAppTests.debug.xcconfig"; path = "Target Support Files/Pods-ClearApp-ClearAppTests/Pods-ClearApp-ClearAppTests.debug.xcconfig"; sourceTree = "<group>"; };
		2ABEDE183A42CD46E8CF1ED3 /* Pods_ClearApp.framework */ = {isa = PBXFileReference; explicitFileType = wrapper.framework; includeInIndex = 0; path = Pods_ClearApp.framework; sourceTree = BUILT_PRODUCTS_DIR; };
		39FDFE0B56294026B11ECBA7 /* SF Pro Text Heavy.ttf */ = {isa = PBXFileReference; explicitFileType = undefined; fileEncoding = 9; includeInIndex = 0; lastKnownFileType = unknown; name = "SF Pro Text Heavy.ttf"; path = "../assets/fonts/SF Pro Text Heavy.ttf"; sourceTree = "<group>"; };
		3B4392A12AC88292D35C810B /* Pods-ClearApp.debug.xcconfig */ = {isa = PBXFileReference; includeInIndex = 1; lastKnownFileType = text.xcconfig; name = "Pods-ClearApp.debug.xcconfig"; path = "Target Support Files/Pods-ClearApp/Pods-ClearApp.debug.xcconfig"; sourceTree = "<group>"; };
		45C3CE9AF0834C2DAAECD8D3 /* SF Pro Text Light.ttf */ = {isa = PBXFileReference; explicitFileType = undefined; fileEncoding = 9; includeInIndex = 0; lastKnownFileType = unknown; name = "SF Pro Text Light.ttf"; path = "../assets/fonts/SF Pro Text Light.ttf"; sourceTree = "<group>"; };
		4DA16F63C84842AA879EA36B /* SF Pro Text Bold.ttf */ = {isa = PBXFileReference; explicitFileType = undefined; fileEncoding = 9; includeInIndex = 0; lastKnownFileType = unknown; name = "SF Pro Text Bold.ttf"; path = "../assets/fonts/SF Pro Text Bold.ttf"; sourceTree = "<group>"; };
		4F69FDC58CE071B38D0BCAEC /* Pods_ClearApp_ClearAppTests.framework */ = {isa = PBXFileReference; explicitFileType = wrapper.framework; includeInIndex = 0; path = Pods_ClearApp_ClearAppTests.framework; sourceTree = BUILT_PRODUCTS_DIR; };
		5709B34CF0A7D63546082F79 /* Pods-ClearApp.release.xcconfig */ = {isa = PBXFileReference; includeInIndex = 1; lastKnownFileType = text.xcconfig; name = "Pods-ClearApp.release.xcconfig"; path = "Target Support Files/Pods-ClearApp/Pods-ClearApp.release.xcconfig"; sourceTree = "<group>"; };
		58843C4FCC9D45CA94A8947D /* SF Pro Text Semibold.ttf */ = {isa = PBXFileReference; explicitFileType = undefined; fileEncoding = 9; includeInIndex = 0; lastKnownFileType = unknown; name = "SF Pro Text Semibold.ttf"; path = "../assets/fonts/SF Pro Text Semibold.ttf"; sourceTree = "<group>"; };
		5D02FA6EF6D24156BCE327C1 /* SF Pro Text RegularItalic.ttf */ = {isa = PBXFileReference; explicitFileType = undefined; fileEncoding = 9; includeInIndex = 0; lastKnownFileType = unknown; name = "SF Pro Text RegularItalic.ttf"; path = "../assets/fonts/SF Pro Text RegularItalic.ttf"; sourceTree = "<group>"; };
		656CF705FE864568972718E1 /* SF Pro Text BoldItalic.ttf */ = {isa = PBXFileReference; explicitFileType = undefined; fileEncoding = 9; includeInIndex = 0; lastKnownFileType = unknown; name = "SF Pro Text BoldItalic.ttf"; path = "../assets/fonts/SF Pro Text BoldItalic.ttf"; sourceTree = "<group>"; };
		81AB9BB72411601600AC10FF /* LaunchScreen.storyboard */ = {isa = PBXFileReference; fileEncoding = 4; lastKnownFileType = file.storyboard; name = LaunchScreen.storyboard; path = ClearApp/LaunchScreen.storyboard; sourceTree = "<group>"; };
		AB3732452CB84A2DBB00CCFE /* SF Pro Text LightItalic.ttf */ = {isa = PBXFileReference; explicitFileType = undefined; fileEncoding = 9; includeInIndex = 0; lastKnownFileType = unknown; name = "SF Pro Text LightItalic.ttf"; path = "../assets/fonts/SF Pro Text LightItalic.ttf"; sourceTree = "<group>"; };
		AC104DB4C29849EA9E8025FA /* SF Pro Text MediumItalic.ttf */ = {isa = PBXFileReference; explicitFileType = undefined; fileEncoding = 9; includeInIndex = 0; lastKnownFileType = unknown; name = "SF Pro Text MediumItalic.ttf"; path = "../assets/fonts/SF Pro Text MediumItalic.ttf"; sourceTree = "<group>"; };
		B0A8E6B34DFA4C3384AEAA3C /* SF Pro Text HeavyItalic.ttf */ = {isa = PBXFileReference; explicitFileType = undefined; fileEncoding = 9; includeInIndex = 0; lastKnownFileType = unknown; name = "SF Pro Text HeavyItalic.ttf"; path = "../assets/fonts/SF Pro Text HeavyItalic.ttf"; sourceTree = "<group>"; };
		B317FF312B3DB1CD00FBB8F5 /* GoogleService-Info.plist */ = {isa = PBXFileReference; fileEncoding = 4; lastKnownFileType = text.plist.xml; path = "GoogleService-Info.plist"; sourceTree = "<group>"; };
		B33312BB2B888E9A0040B0DF /* ClearApp.app */ = {isa = PBXFileReference; explicitFileType = wrapper.application; includeInIndex = 0; path = ClearApp.app; sourceTree = BUILT_PRODUCTS_DIR; };
		B33312FD2B8BE10E0040B0DF /* Fontisto.ttf */ = {isa = PBXFileReference; lastKnownFileType = file; path = Fontisto.ttf; sourceTree = "<group>"; };
		B33312FE2B8BE10E0040B0DF /* Octicons.ttf */ = {isa = PBXFileReference; lastKnownFileType = file; path = Octicons.ttf; sourceTree = "<group>"; };
		B33312FF2B8BE10E0040B0DF /* Feather.ttf */ = {isa = PBXFileReference; lastKnownFileType = file; path = Feather.ttf; sourceTree = "<group>"; };
		B33313002B8BE10E0040B0DF /* FontAwesome6_Regular.ttf */ = {isa = PBXFileReference; lastKnownFileType = file; path = FontAwesome6_Regular.ttf; sourceTree = "<group>"; };
		B33313012B8BE10E0040B0DF /* Entypo.ttf */ = {isa = PBXFileReference; lastKnownFileType = file; path = Entypo.ttf; sourceTree = "<group>"; };
		B33313022B8BE10E0040B0DF /* FontAwesome5_Brands.ttf */ = {isa = PBXFileReference; lastKnownFileType = file; path = FontAwesome5_Brands.ttf; sourceTree = "<group>"; };
		B33313032B8BE10E0040B0DF /* MaterialCommunityIcons.ttf */ = {isa = PBXFileReference; lastKnownFileType = file; path = MaterialCommunityIcons.ttf; sourceTree = "<group>"; };
		B33313042B8BE10E0040B0DF /* AntDesign.ttf */ = {isa = PBXFileReference; lastKnownFileType = file; path = AntDesign.ttf; sourceTree = "<group>"; };
		B33313052B8BE10E0040B0DF /* Foundation.ttf */ = {isa = PBXFileReference; lastKnownFileType = file; path = Foundation.ttf; sourceTree = "<group>"; };
		B33313062B8BE10E0040B0DF /* Ionicons.ttf */ = {isa = PBXFileReference; lastKnownFileType = file; path = Ionicons.ttf; sourceTree = "<group>"; };
		B33313072B8BE10E0040B0DF /* FontAwesome5_Solid.ttf */ = {isa = PBXFileReference; lastKnownFileType = file; path = FontAwesome5_Solid.ttf; sourceTree = "<group>"; };
		B33313082B8BE10E0040B0DF /* FontAwesome5_Regular.ttf */ = {isa = PBXFileReference; lastKnownFileType = file; path = FontAwesome5_Regular.ttf; sourceTree = "<group>"; };
		B33313092B8BE10E0040B0DF /* FontAwesome.ttf */ = {isa = PBXFileReference; lastKnownFileType = file; path = FontAwesome.ttf; sourceTree = "<group>"; };
		B333130A2B8BE10E0040B0DF /* Zocial.ttf */ = {isa = PBXFileReference; lastKnownFileType = file; path = Zocial.ttf; sourceTree = "<group>"; };
		B333130B2B8BE10E0040B0DF /* EvilIcons.ttf */ = {isa = PBXFileReference; lastKnownFileType = file; path = EvilIcons.ttf; sourceTree = "<group>"; };
		B333130C2B8BE10E0040B0DF /* FontAwesome6_Solid.ttf */ = {isa = PBXFileReference; lastKnownFileType = file; path = FontAwesome6_Solid.ttf; sourceTree = "<group>"; };
		B333130D2B8BE10E0040B0DF /* SimpleLineIcons.ttf */ = {isa = PBXFileReference; lastKnownFileType = file; path = SimpleLineIcons.ttf; sourceTree = "<group>"; };
		B333130E2B8BE10E0040B0DF /* FontAwesome6_Brands.ttf */ = {isa = PBXFileReference; lastKnownFileType = file; path = FontAwesome6_Brands.ttf; sourceTree = "<group>"; };
		B333130F2B8BE10E0040B0DF /* MaterialIcons.ttf */ = {isa = PBXFileReference; lastKnownFileType = file; path = MaterialIcons.ttf; sourceTree = "<group>"; };
		B351B4B22B888D9600CBEF8F /* ClearAppTests.xctest */ = {isa = PBXFileReference; explicitFileType = wrapper.cfbundle; includeInIndex = 0; path = ClearAppTests.xctest; sourceTree = BUILT_PRODUCTS_DIR; };
		B39BAF4A2B56CEE000D1D2E2 /* ClearApp.entitlements */ = {isa = PBXFileReference; lastKnownFileType = text.plist.entitlements; name = ClearApp.entitlements; path = ClearApp/ClearApp.entitlements; sourceTree = "<group>"; };
		BA646354B2E6120E0552F9DA /* Pods-ClearApp-ClearAppTests.release.xcconfig */ = {isa = PBXFileReference; includeInIndex = 1; lastKnownFileType = text.xcconfig; name = "Pods-ClearApp-ClearAppTests.release.xcconfig"; path = "Target Support Files/Pods-ClearApp-ClearAppTests/Pods-ClearApp-ClearAppTests.release.xcconfig"; sourceTree = "<group>"; };
		BF831689AF2149668546F21F /* SF Pro Text SemiboldItalic.ttf */ = {isa = PBXFileReference; explicitFileType = undefined; fileEncoding = 9; includeInIndex = 0; lastKnownFileType = unknown; name = "SF Pro Text SemiboldItalic.ttf"; path = "../assets/fonts/SF Pro Text SemiboldItalic.ttf"; sourceTree = "<group>"; };
		C6C8D7CD916147FF8C2CDB96 /* SF Pro Text Medium.ttf */ = {isa = PBXFileReference; explicitFileType = undefined; fileEncoding = 9; includeInIndex = 0; lastKnownFileType = unknown; name = "SF Pro Text Medium.ttf"; path = "../assets/fonts/SF Pro Text Medium.ttf"; sourceTree = "<group>"; };
		DF17E0F466C94F90B2A5AA6E /* SF Pro Text Regular.ttf */ = {isa = PBXFileReference; explicitFileType = undefined; fileEncoding = 9; includeInIndex = 0; lastKnownFileType = unknown; name = "SF Pro Text Regular.ttf"; path = "../assets/fonts/SF Pro Text Regular.ttf"; sourceTree = "<group>"; };
		ED297162215061F000B7C4FE /* JavaScriptCore.framework */ = {isa = PBXFileReference; lastKnownFileType = wrapper.framework; name = JavaScriptCore.framework; path = System/Library/Frameworks/JavaScriptCore.framework; sourceTree = SDKROOT; };
/* End PBXFileReference section */

/* Begin PBXFrameworksBuildPhase section */
		B33312B82B888E9A0040B0DF /* Frameworks */ = {
			isa = PBXFrameworksBuildPhase;
			buildActionMask = 2147483647;
			files = (
				8A8A3D350F1DED93F3E5CD9C /* Pods_ClearApp.framework in Frameworks */,
			);
			runOnlyForDeploymentPostprocessing = 0;
		};
		B351B4AF2B888D9600CBEF8F /* Frameworks */ = {
			isa = PBXFrameworksBuildPhase;
			buildActionMask = 2147483647;
			files = (
				0FCBF834F734726429A79AA2 /* Pods_ClearApp_ClearAppTests.framework in Frameworks */,
			);
			runOnlyForDeploymentPostprocessing = 0;
		};
/* End PBXFrameworksBuildPhase section */

/* Begin PBXGroup section */
		00E356EF1AD99517003FC87E /* ClearAppTests */ = {
			isa = PBXGroup;
			children = (
				00E356F21AD99517003FC87E /* ClearAppTests.m */,
				00E356F01AD99517003FC87E /* Supporting Files */,
			);
			path = ClearAppTests;
			sourceTree = "<group>";
		};
		00E356F01AD99517003FC87E /* Supporting Files */ = {
			isa = PBXGroup;
			children = (
				00E356F11AD99517003FC87E /* Info.plist */,
			);
			name = "Supporting Files";
			sourceTree = "<group>";
		};
		13B07FAE1A68108700A75B9A /* ClearApp */ = {
			isa = PBXGroup;
			children = (
				B39BAF4A2B56CEE000D1D2E2 /* ClearApp.entitlements */,
				13B07FAF1A68108700A75B9A /* AppDelegate.h */,
				13B07FB01A68108700A75B9A /* AppDelegate.mm */,
				13B07FB51A68108700A75B9A /* Images.xcassets */,
				13B07FB61A68108700A75B9A /* Info.plist */,
				81AB9BB72411601600AC10FF /* LaunchScreen.storyboard */,
				13B07FB71A68108700A75B9A /* main.m */,
			);
			name = ClearApp;
			sourceTree = "<group>";
		};
		2D16E6871FA4F8E400B85C8A /* Frameworks */ = {
			isa = PBXGroup;
			children = (
				ED297162215061F000B7C4FE /* JavaScriptCore.framework */,
				2ABEDE183A42CD46E8CF1ED3 /* Pods_ClearApp.framework */,
				4F69FDC58CE071B38D0BCAEC /* Pods_ClearApp_ClearAppTests.framework */,
			);
			name = Frameworks;
			sourceTree = "<group>";
		};
		832341AE1AAA6A7D00B99B32 /* Libraries */ = {
			isa = PBXGroup;
			children = (
			);
			name = Libraries;
			sourceTree = "<group>";
		};
		83CBB9F61A601CBA00E9B192 = {
			isa = PBXGroup;
			children = (
				B33312FC2B8BE10E0040B0DF /* Fonts */,
				B317FF312B3DB1CD00FBB8F5 /* GoogleService-Info.plist */,
				13B07FAE1A68108700A75B9A /* ClearApp */,
				832341AE1AAA6A7D00B99B32 /* Libraries */,
				00E356EF1AD99517003FC87E /* ClearAppTests */,
				83CBBA001A601CBA00E9B192 /* Products */,
				2D16E6871FA4F8E400B85C8A /* Frameworks */,
				BBD78D7AC51CEA395F1C20DB /* Pods */,
				DB609332D49F4150852D2AD3 /* Resources */,
			);
			indentWidth = 2;
			sourceTree = "<group>";
			tabWidth = 2;
			usesTabs = 0;
		};
		83CBBA001A601CBA00E9B192 /* Products */ = {
			isa = PBXGroup;
			children = (
				B351B4B22B888D9600CBEF8F /* ClearAppTests.xctest */,
				B33312BB2B888E9A0040B0DF /* ClearApp.app */,
			);
			name = Products;
			sourceTree = "<group>";
		};
		B33312FC2B8BE10E0040B0DF /* Fonts */ = {
			isa = PBXGroup;
			children = (
				B33312FD2B8BE10E0040B0DF /* Fontisto.ttf */,
				B33312FE2B8BE10E0040B0DF /* Octicons.ttf */,
				B33312FF2B8BE10E0040B0DF /* Feather.ttf */,
				B33313002B8BE10E0040B0DF /* FontAwesome6_Regular.ttf */,
				B33313012B8BE10E0040B0DF /* Entypo.ttf */,
				B33313022B8BE10E0040B0DF /* FontAwesome5_Brands.ttf */,
				B33313032B8BE10E0040B0DF /* MaterialCommunityIcons.ttf */,
				B33313042B8BE10E0040B0DF /* AntDesign.ttf */,
				B33313052B8BE10E0040B0DF /* Foundation.ttf */,
				B33313062B8BE10E0040B0DF /* Ionicons.ttf */,
				B33313072B8BE10E0040B0DF /* FontAwesome5_Solid.ttf */,
				B33313082B8BE10E0040B0DF /* FontAwesome5_Regular.ttf */,
				B33313092B8BE10E0040B0DF /* FontAwesome.ttf */,
				B333130A2B8BE10E0040B0DF /* Zocial.ttf */,
				B333130B2B8BE10E0040B0DF /* EvilIcons.ttf */,
				B333130C2B8BE10E0040B0DF /* FontAwesome6_Solid.ttf */,
				B333130D2B8BE10E0040B0DF /* SimpleLineIcons.ttf */,
				B333130E2B8BE10E0040B0DF /* FontAwesome6_Brands.ttf */,
				B333130F2B8BE10E0040B0DF /* MaterialIcons.ttf */,
			);
			name = Fonts;
			path = "../node_modules/react-native-vector-icons/Fonts";
			sourceTree = "<group>";
		};
		BBD78D7AC51CEA395F1C20DB /* Pods */ = {
			isa = PBXGroup;
			children = (
				3B4392A12AC88292D35C810B /* Pods-ClearApp.debug.xcconfig */,
				5709B34CF0A7D63546082F79 /* Pods-ClearApp.release.xcconfig */,
				1E6A81F35230208A6C2F6B1B /* Pods-ClearApp-ClearAppTests.debug.xcconfig */,
				BA646354B2E6120E0552F9DA /* Pods-ClearApp-ClearAppTests.release.xcconfig */,
			);
			path = Pods;
			sourceTree = "<group>";
		};
		DB609332D49F4150852D2AD3 /* Resources */ = {
			isa = PBXGroup;
			children = (
				4DA16F63C84842AA879EA36B /* SF Pro Text Bold.ttf */,
				656CF705FE864568972718E1 /* SF Pro Text BoldItalic.ttf */,
				39FDFE0B56294026B11ECBA7 /* SF Pro Text Heavy.ttf */,
				B0A8E6B34DFA4C3384AEAA3C /* SF Pro Text HeavyItalic.ttf */,
				45C3CE9AF0834C2DAAECD8D3 /* SF Pro Text Light.ttf */,
				AB3732452CB84A2DBB00CCFE /* SF Pro Text LightItalic.ttf */,
				C6C8D7CD916147FF8C2CDB96 /* SF Pro Text Medium.ttf */,
				AC104DB4C29849EA9E8025FA /* SF Pro Text MediumItalic.ttf */,
				DF17E0F466C94F90B2A5AA6E /* SF Pro Text Regular.ttf */,
				5D02FA6EF6D24156BCE327C1 /* SF Pro Text RegularItalic.ttf */,
				58843C4FCC9D45CA94A8947D /* SF Pro Text Semibold.ttf */,
				BF831689AF2149668546F21F /* SF Pro Text SemiboldItalic.ttf */,
			);
			name = Resources;
			sourceTree = "<group>";
		};
/* End PBXGroup section */

/* Begin PBXNativeTarget section */
		B33312BA2B888E9A0040B0DF /* ClearApp */ = {
			isa = PBXNativeTarget;
			buildConfigurationList = B33312E22B888E9C0040B0DF /* Build configuration list for PBXNativeTarget "ClearApp" */;
			buildPhases = (
				9822A9B1DB921DBBBEF6E583 /* [CP] Check Pods Manifest.lock */,
				B33312F82B8B6A530040B0DF /* Start Packager */,
				B33312B72B888E9A0040B0DF /* Sources */,
				B33312B82B888E9A0040B0DF /* Frameworks */,
				B33312B92B888E9A0040B0DF /* Resources */,
				B33312F92B8B6CE40040B0DF /* Bundle React Native code and images */,
				FB3D0F46CDA20A7F83D6E634 /* [CP] Embed Pods Frameworks */,
				674CD0DDE2AD20D8AEA51FB9 /* [CP] Copy Pods Resources */,
				D4C584F1234326E40834CFA7 /* [CP-User] [RNFB] Core Configuration */,
			);
			buildRules = (
			);
			dependencies = (
			);
			name = ClearApp;
			productName = ClearApp;
			productReference = B33312BB2B888E9A0040B0DF /* ClearApp.app */;
			productType = "com.apple.product-type.application";
		};
		B351B4B12B888D9600CBEF8F /* ClearAppTests */ = {
			isa = PBXNativeTarget;
			buildConfigurationList = B351B4C72B888D9700CBEF8F /* Build configuration list for PBXNativeTarget "ClearAppTests" */;
			buildPhases = (
				CA6DC9B2AEBD251810E0FA21 /* [CP] Check Pods Manifest.lock */,
				B351B4AE2B888D9600CBEF8F /* Sources */,
				B351B4AF2B888D9600CBEF8F /* Frameworks */,
				B351B4B02B888D9600CBEF8F /* Resources */,
				435CD2E6E1F2043F693870F2 /* [CP] Embed Pods Frameworks */,
				3147F37B8581A418E0455A78 /* [CP] Copy Pods Resources */,
			);
			buildRules = (
			);
			dependencies = (
			);
			name = ClearAppTests;
			productName = ClearAppTests;
			productReference = B351B4B22B888D9600CBEF8F /* ClearAppTests.xctest */;
			productType = "com.apple.product-type.bundle.unit-test";
		};
/* End PBXNativeTarget section */

/* Begin PBXProject section */
		83CBB9F71A601CBA00E9B192 /* Project object */ = {
			isa = PBXProject;
			attributes = {
				BuildIndependentTargetsInParallel = YES;
				LastSwiftUpdateCheck = 1510;
				LastUpgradeCheck = 1510;
				TargetAttributes = {
					B33312BA2B888E9A0040B0DF = {
						CreatedOnToolsVersion = 15.1;
					};
					B351B4B12B888D9600CBEF8F = {
						CreatedOnToolsVersion = 15.1;
						TestTargetID = B351B4A22B888D9500CBEF8F;
					};
				};
			};
			buildConfigurationList = 83CBB9FA1A601CBA00E9B192 /* Build configuration list for PBXProject "ClearApp" */;
			compatibilityVersion = "Xcode 12.0";
			developmentRegion = en;
			hasScannedForEncodings = 0;
			knownRegions = (
				en,
				Base,
			);
			mainGroup = 83CBB9F61A601CBA00E9B192;
			productRefGroup = 83CBBA001A601CBA00E9B192 /* Products */;
			projectDirPath = "";
			projectRoot = "";
			targets = (
				B351B4B12B888D9600CBEF8F /* ClearAppTests */,
				B33312BA2B888E9A0040B0DF /* ClearApp */,
			);
		};
/* End PBXProject section */

/* Begin PBXResourcesBuildPhase section */
		B33312B92B888E9A0040B0DF /* Resources */ = {
			isa = PBXResourcesBuildPhase;
			buildActionMask = 2147483647;
			files = (
				B33312EB2B8B67BC0040B0DF /* SF Pro Text Bold.ttf in Resources */,
				B33312EC2B8B67BC0040B0DF /* SF Pro Text BoldItalic.ttf in Resources */,
				B33312ED2B8B67BC0040B0DF /* SF Pro Text Heavy.ttf in Resources */,
				B333131A2B8BE10E0040B0DF /* FontAwesome5_Solid.ttf in Resources */,
				B33312EE2B8B67BC0040B0DF /* SF Pro Text HeavyItalic.ttf in Resources */,
				B33312EF2B8B67BC0040B0DF /* SF Pro Text Light.ttf in Resources */,
				B333131B2B8BE10E0040B0DF /* FontAwesome5_Regular.ttf in Resources */,
				B33313112B8BE10E0040B0DF /* Octicons.ttf in Resources */,
				B33313172B8BE10E0040B0DF /* AntDesign.ttf in Resources */,
				B33312F02B8B67BC0040B0DF /* SF Pro Text LightItalic.ttf in Resources */,
				B33312F12B8B67BC0040B0DF /* SF Pro Text Medium.ttf in Resources */,
				B33313182B8BE10E0040B0DF /* Foundation.ttf in Resources */,
				B33313192B8BE10E0040B0DF /* Ionicons.ttf in Resources */,
				B333131E2B8BE10E0040B0DF /* EvilIcons.ttf in Resources */,
				B333131F2B8BE10E0040B0DF /* FontAwesome6_Solid.ttf in Resources */,
				B33313122B8BE10E0040B0DF /* Feather.ttf in Resources */,
				B33312F22B8B67BC0040B0DF /* SF Pro Text MediumItalic.ttf in Resources */,
				B333131D2B8BE10E0040B0DF /* Zocial.ttf in Resources */,
				B333131C2B8BE10E0040B0DF /* FontAwesome.ttf in Resources */,
				B33312F32B8B67BC0040B0DF /* SF Pro Text Regular.ttf in Resources */,
				B33312F42B8B67BC0040B0DF /* SF Pro Text RegularItalic.ttf in Resources */,
				B33313162B8BE10E0040B0DF /* MaterialCommunityIcons.ttf in Resources */,
				B33313152B8BE10E0040B0DF /* FontAwesome5_Brands.ttf in Resources */,
				B33312F52B8B67BC0040B0DF /* SF Pro Text Semibold.ttf in Resources */,
				B33313142B8BE10E0040B0DF /* Entypo.ttf in Resources */,
				B33313132B8BE10E0040B0DF /* FontAwesome6_Regular.ttf in Resources */,
				B33312F62B8B67BC0040B0DF /* SF Pro Text SemiboldItalic.ttf in Resources */,
				B33312EA2B8B679F0040B0DF /* GoogleService-Info.plist in Resources */,
				B33313222B8BE10E0040B0DF /* MaterialIcons.ttf in Resources */,
				B33312E92B8B67920040B0DF /* Images.xcassets in Resources */,
				B33313202B8BE10E0040B0DF /* SimpleLineIcons.ttf in Resources */,
				B33313102B8BE10E0040B0DF /* Fontisto.ttf in Resources */,
				B33313212B8BE10E0040B0DF /* FontAwesome6_Brands.ttf in Resources */,
				B33312E82B8B67880040B0DF /* LaunchScreen.storyboard in Resources */,
			);
			runOnlyForDeploymentPostprocessing = 0;
		};
		B351B4B02B888D9600CBEF8F /* Resources */ = {
			isa = PBXResourcesBuildPhase;
			buildActionMask = 2147483647;
			files = (
			);
			runOnlyForDeploymentPostprocessing = 0;
		};
/* End PBXResourcesBuildPhase section */

/* Begin PBXShellScriptBuildPhase section */
		3147F37B8581A418E0455A78 /* [CP] Copy Pods Resources */ = {
			isa = PBXShellScriptBuildPhase;
			buildActionMask = 2147483647;
			files = (
			);
			inputFileListPaths = (
				"${PODS_ROOT}/Target Support Files/Pods-ClearApp-ClearAppTests/Pods-ClearApp-ClearAppTests-resources-${CONFIGURATION}-input-files.xcfilelist",
			);
			name = "[CP] Copy Pods Resources";
			outputFileListPaths = (
				"${PODS_ROOT}/Target Support Files/Pods-ClearApp-ClearAppTests/Pods-ClearApp-ClearAppTests-resources-${CONFIGURATION}-output-files.xcfilelist",
			);
			runOnlyForDeploymentPostprocessing = 0;
			shellPath = /bin/sh;
			shellScript = "\"${PODS_ROOT}/Target Support Files/Pods-ClearApp-ClearAppTests/Pods-ClearApp-ClearAppTests-resources.sh\"\n";
			showEnvVarsInLog = 0;
		};
		435CD2E6E1F2043F693870F2 /* [CP] Embed Pods Frameworks */ = {
			isa = PBXShellScriptBuildPhase;
			buildActionMask = 2147483647;
			files = (
			);
			inputFileListPaths = (
				"${PODS_ROOT}/Target Support Files/Pods-ClearApp-ClearAppTests/Pods-ClearApp-ClearAppTests-frameworks-${CONFIGURATION}-input-files.xcfilelist",
			);
			name = "[CP] Embed Pods Frameworks";
			outputFileListPaths = (
				"${PODS_ROOT}/Target Support Files/Pods-ClearApp-ClearAppTests/Pods-ClearApp-ClearAppTests-frameworks-${CONFIGURATION}-output-files.xcfilelist",
			);
			runOnlyForDeploymentPostprocessing = 0;
			shellPath = /bin/sh;
			shellScript = "\"${PODS_ROOT}/Target Support Files/Pods-ClearApp-ClearAppTests/Pods-ClearApp-ClearAppTests-frameworks.sh\"\n";
			showEnvVarsInLog = 0;
		};
		674CD0DDE2AD20D8AEA51FB9 /* [CP] Copy Pods Resources */ = {
			isa = PBXShellScriptBuildPhase;
			buildActionMask = 2147483647;
			files = (
			);
			inputFileListPaths = (
				"${PODS_ROOT}/Target Support Files/Pods-ClearApp/Pods-ClearApp-resources-${CONFIGURATION}-input-files.xcfilelist",
			);
			name = "[CP] Copy Pods Resources";
			outputFileListPaths = (
				"${PODS_ROOT}/Target Support Files/Pods-ClearApp/Pods-ClearApp-resources-${CONFIGURATION}-output-files.xcfilelist",
			);
			runOnlyForDeploymentPostprocessing = 0;
			shellPath = /bin/sh;
			shellScript = "\"${PODS_ROOT}/Target Support Files/Pods-ClearApp/Pods-ClearApp-resources.sh\"\n";
			showEnvVarsInLog = 0;
		};
		9822A9B1DB921DBBBEF6E583 /* [CP] Check Pods Manifest.lock */ = {
			isa = PBXShellScriptBuildPhase;
			buildActionMask = 2147483647;
			files = (
			);
			inputFileListPaths = (
			);
			inputPaths = (
				"${PODS_PODFILE_DIR_PATH}/Podfile.lock",
				"${PODS_ROOT}/Manifest.lock",
			);
			name = "[CP] Check Pods Manifest.lock";
			outputFileListPaths = (
			);
			outputPaths = (
				"$(DERIVED_FILE_DIR)/Pods-ClearApp-checkManifestLockResult.txt",
			);
			runOnlyForDeploymentPostprocessing = 0;
			shellPath = /bin/sh;
			shellScript = "diff \"${PODS_PODFILE_DIR_PATH}/Podfile.lock\" \"${PODS_ROOT}/Manifest.lock\" > /dev/null\nif [ $? != 0 ] ; then\n    # print error to STDERR\n    echo \"error: The sandbox is not in sync with the Podfile.lock. Run 'pod install' or update your CocoaPods installation.\" >&2\n    exit 1\nfi\n# This output is used by Xcode 'outputs' to avoid re-running this script phase.\necho \"SUCCESS\" > \"${SCRIPT_OUTPUT_FILE_0}\"\n";
			showEnvVarsInLog = 0;
		};
		B33312F82B8B6A530040B0DF /* Start Packager */ = {
			isa = PBXShellScriptBuildPhase;
			buildActionMask = 2147483647;
			files = (
			);
			inputFileListPaths = (
			);
			inputPaths = (
			);
			name = "Start Packager";
			outputFileListPaths = (
			);
			outputPaths = (
			);
			runOnlyForDeploymentPostprocessing = 0;
			shellPath = /bin/sh;
			shellScript = "export RCT_METRO_PORT=\"${RCT_METRO_PORT:=8081}\"\necho \"export RCT_METRO_PORT=${RCT_METRO_PORT}\" > \"${SRCROOT}/../node_modules/react-native/scripts/.packager.env\"\nif [ -z \"${RCT_NO_LAUNCH_PACKAGER+xxx}\" ] ; then\n  if nc -w 5 -z localhost ${RCT_METRO_PORT} ; then\n    if ! curl -s \"http://localhost:${RCT_METRO_PORT}/status\" | grep -q \"packager-status:running\" ; then\n      echo \"Port ${RCT_METRO_PORT} already in use, packager is either not running or not running correctly\"\n      exit 2\n    fi\n  else\n    open \"$SRCROOT/../node_modules/react-native/scripts/launchPackager.command\" || echo \"Can't start packager automatically\"\n  fi\nfi\n\n";
		};
		B33312F92B8B6CE40040B0DF /* Bundle React Native code and images */ = {
			isa = PBXShellScriptBuildPhase;
			buildActionMask = 2147483647;
			files = (
			);
			inputFileListPaths = (
			);
			inputPaths = (
				"$(SRCROOT)/.xcode.env.local",
				"$(SRCROOT)/.xcode.env",
			);
			name = "Bundle React Native code and images";
			outputFileListPaths = (
			);
			outputPaths = (
			);
			runOnlyForDeploymentPostprocessing = 0;
			shellPath = /bin/sh;
			shellScript = "set -e\n\nexport NODE_BINARY=node\n../node_modules/react-native/scripts/react-native-xcode.sh\n../node_modules/react-native-vector-image/strip_svgs.sh\n";
		};
		CA6DC9B2AEBD251810E0FA21 /* [CP] Check Pods Manifest.lock */ = {
			isa = PBXShellScriptBuildPhase;
			buildActionMask = 2147483647;
			files = (
			);
			inputFileListPaths = (
			);
			inputPaths = (
				"${PODS_PODFILE_DIR_PATH}/Podfile.lock",
				"${PODS_ROOT}/Manifest.lock",
			);
			name = "[CP] Check Pods Manifest.lock";
			outputFileListPaths = (
			);
			outputPaths = (
				"$(DERIVED_FILE_DIR)/Pods-ClearApp-ClearAppTests-checkManifestLockResult.txt",
			);
			runOnlyForDeploymentPostprocessing = 0;
			shellPath = /bin/sh;
			shellScript = "diff \"${PODS_PODFILE_DIR_PATH}/Podfile.lock\" \"${PODS_ROOT}/Manifest.lock\" > /dev/null\nif [ $? != 0 ] ; then\n    # print error to STDERR\n    echo \"error: The sandbox is not in sync with the Podfile.lock. Run 'pod install' or update your CocoaPods installation.\" >&2\n    exit 1\nfi\n# This output is used by Xcode 'outputs' to avoid re-running this script phase.\necho \"SUCCESS\" > \"${SCRIPT_OUTPUT_FILE_0}\"\n";
			showEnvVarsInLog = 0;
		};
		D4C584F1234326E40834CFA7 /* [CP-User] [RNFB] Core Configuration */ = {
			isa = PBXShellScriptBuildPhase;
			buildActionMask = 2147483647;
			files = (
			);
			inputPaths = (
				"$(BUILT_PRODUCTS_DIR)/$(INFOPLIST_PATH)",
			);
			name = "[CP-User] [RNFB] Core Configuration";
			runOnlyForDeploymentPostprocessing = 0;
			shellPath = /bin/sh;
			shellScript = "#!/usr/bin/env bash\n#\n# Copyright (c) 2016-present Invertase Limited & Contributors\n#\n# Licensed under the Apache License, Version 2.0 (the \"License\");\n# you may not use this library except in compliance with the License.\n# You may obtain a copy of the License at\n#\n#   http://www.apache.org/licenses/LICENSE-2.0\n#\n# Unless required by applicable law or agreed to in writing, software\n# distributed under the License is distributed on an \"AS IS\" BASIS,\n# WITHOUT WARRANTIES OR CONDITIONS OF ANY KIND, either express or implied.\n# See the License for the specific language governing permissions and\n# limitations under the License.\n#\nset -e\n\n_MAX_LOOKUPS=2;\n_SEARCH_RESULT=''\n_RN_ROOT_EXISTS=''\n_CURRENT_LOOKUPS=1\n_JSON_ROOT=\"'react-native'\"\n_JSON_FILE_NAME='firebase.json'\n_JSON_OUTPUT_BASE64='e30=' # { }\n_CURRENT_SEARCH_DIR=${PROJECT_DIR}\n_PLIST_BUDDY=/usr/libexec/PlistBuddy\n_TARGET_PLIST=\"${BUILT_PRODUCTS_DIR}/${INFOPLIST_PATH}\"\n_DSYM_PLIST=\"${DWARF_DSYM_FOLDER_PATH}/${DWARF_DSYM_FILE_NAME}/Contents/Info.plist\"\n\n# plist arrays\n_PLIST_ENTRY_KEYS=()\n_PLIST_ENTRY_TYPES=()\n_PLIST_ENTRY_VALUES=()\n\nfunction setPlistValue {\n  echo \"info:      setting plist entry '$1' of type '$2' in file '$4'\"\n  ${_PLIST_BUDDY} -c \"Add :$1 $2 '$3'\" $4 || echo \"info:      '$1' already exists\"\n}\n\nfunction getFirebaseJsonKeyValue () {\n  if [[ ${_RN_ROOT_EXISTS} ]]; then\n    ruby -Ku -e \"require 'rubygems';require 'json'; output=JSON.parse('$1'); puts output[$_JSON_ROOT]['$2']\"\n  else\n    echo \"\"\n  fi;\n}\n\nfunction jsonBoolToYesNo () {\n  if [[ $1 == \"false\" ]]; then\n    echo \"NO\"\n  elif [[ $1 == \"true\" ]]; then\n    echo \"YES\"\n  else echo \"NO\"\n  fi\n}\n\necho \"info: -> RNFB build script started\"\necho \"info: 1) Locating ${_JSON_FILE_NAME} file:\"\n\nif [[ -z ${_CURRENT_SEARCH_DIR} ]]; then\n  _CURRENT_SEARCH_DIR=$(pwd)\nfi;\n\nwhile true; do\n  _CURRENT_SEARCH_DIR=$(dirname \"$_CURRENT_SEARCH_DIR\")\n  if [[ \"$_CURRENT_SEARCH_DIR\" == \"/\" ]] || [[ ${_CURRENT_LOOKUPS} -gt ${_MAX_LOOKUPS} ]]; then break; fi;\n  echo \"info:      ($_CURRENT_LOOKUPS of $_MAX_LOOKUPS) Searching in '$_CURRENT_SEARCH_DIR' for a ${_JSON_FILE_NAME} file.\"\n  _SEARCH_RESULT=$(find \"$_CURRENT_SEARCH_DIR\" -maxdepth 2 -name ${_JSON_FILE_NAME} -print | /usr/bin/head -n 1)\n  if [[ ${_SEARCH_RESULT} ]]; then\n    echo \"info:      ${_JSON_FILE_NAME} found at $_SEARCH_RESULT\"\n    break;\n  fi;\n  _CURRENT_LOOKUPS=$((_CURRENT_LOOKUPS+1))\ndone\n\nif [[ ${_SEARCH_RESULT} ]]; then\n  _JSON_OUTPUT_RAW=$(cat \"${_SEARCH_RESULT}\")\n  _RN_ROOT_EXISTS=$(ruby -Ku -e \"require 'rubygems';require 'json'; output=JSON.parse('$_JSON_OUTPUT_RAW'); puts output[$_JSON_ROOT]\" || echo '')\n\n  if [[ ${_RN_ROOT_EXISTS} ]]; then\n    if ! python3 --version >/dev/null 2>&1; then echo \"python3 not found, firebase.json file processing error.\" && exit 1; fi\n    _JSON_OUTPUT_BASE64=$(python3 -c 'import json,sys,base64;print(base64.b64encode(bytes(json.dumps(json.loads(open('\"'${_SEARCH_RESULT}'\"', '\"'rb'\"').read())['${_JSON_ROOT}']), '\"'utf-8'\"')).decode())' || echo \"e30=\")\n  fi\n\n  _PLIST_ENTRY_KEYS+=(\"firebase_json_raw\")\n  _PLIST_ENTRY_TYPES+=(\"string\")\n  _PLIST_ENTRY_VALUES+=(\"$_JSON_OUTPUT_BASE64\")\n\n  # config.app_data_collection_default_enabled\n  _APP_DATA_COLLECTION_ENABLED=$(getFirebaseJsonKeyValue \"$_JSON_OUTPUT_RAW\" \"app_data_collection_default_enabled\")\n  if [[ $_APP_DATA_COLLECTION_ENABLED ]]; then\n    _PLIST_ENTRY_KEYS+=(\"FirebaseDataCollectionDefaultEnabled\")\n    _PLIST_ENTRY_TYPES+=(\"bool\")\n    _PLIST_ENTRY_VALUES+=(\"$(jsonBoolToYesNo \"$_APP_DATA_COLLECTION_ENABLED\")\")\n  fi\n\n  # config.analytics_auto_collection_enabled\n  _ANALYTICS_AUTO_COLLECTION=$(getFirebaseJsonKeyValue \"$_JSON_OUTPUT_RAW\" \"analytics_auto_collection_enabled\")\n  if [[ $_ANALYTICS_AUTO_COLLECTION ]]; then\n    _PLIST_ENTRY_KEYS+=(\"FIREBASE_ANALYTICS_COLLECTION_ENABLED\")\n    _PLIST_ENTRY_TYPES+=(\"bool\")\n    _PLIST_ENTRY_VALUES+=(\"$(jsonBoolToYesNo \"$_ANALYTICS_AUTO_COLLECTION\")\")\n  fi\n\n  # config.analytics_collection_deactivated\n  _ANALYTICS_DEACTIVATED=$(getFirebaseJsonKeyValue \"$_JSON_OUTPUT_RAW\" \"analytics_collection_deactivated\")\n  if [[ $_ANALYTICS_DEACTIVATED ]]; then\n    _PLIST_ENTRY_KEYS+=(\"FIREBASE_ANALYTICS_COLLECTION_DEACTIVATED\")\n    _PLIST_ENTRY_TYPES+=(\"bool\")\n    _PLIST_ENTRY_VALUES+=(\"$(jsonBoolToYesNo \"$_ANALYTICS_DEACTIVATED\")\")\n  fi\n\n  # config.analytics_idfv_collection_enabled\n  _ANALYTICS_IDFV_COLLECTION=$(getFirebaseJsonKeyValue \"$_JSON_OUTPUT_RAW\" \"analytics_idfv_collection_enabled\")\n  if [[ $_ANALYTICS_IDFV_COLLECTION ]]; then\n    _PLIST_ENTRY_KEYS+=(\"GOOGLE_ANALYTICS_IDFV_COLLECTION_ENABLED\")\n    _PLIST_ENTRY_TYPES+=(\"bool\")\n    _PLIST_ENTRY_VALUES+=(\"$(jsonBoolToYesNo \"$_ANALYTICS_IDFV_COLLECTION\")\")\n  fi\n\n  # config.analytics_default_allow_ad_personalization_signals\n  _ANALYTICS_PERSONALIZATION=$(getFirebaseJsonKeyValue \"$_JSON_OUTPUT_RAW\" \"analytics_default_allow_ad_personalization_signals\")\n  if [[ $_ANALYTICS_PERSONALIZATION ]]; then\n    _PLIST_ENTRY_KEYS+=(\"GOOGLE_ANALYTICS_DEFAULT_ALLOW_AD_PERSONALIZATION_SIGNALS\")\n    _PLIST_ENTRY_TYPES+=(\"bool\")\n    _PLIST_ENTRY_VALUES+=(\"$(jsonBoolToYesNo \"$_ANALYTICS_PERSONALIZATION\")\")\n  fi\n\n  # config.analytics_registration_with_ad_network_enabled\n  _ANALYTICS_REGISTRATION_WITH_AD_NETWORK=$(getFirebaseJsonKeyValue \"$_JSON_OUTPUT_RAW\" \"google_analytics_registration_with_ad_network_enabled\")\n  if [[ $_ANALYTICS_REGISTRATION_WITH_AD_NETWORK ]]; then\n    _PLIST_ENTRY_KEYS+=(\"GOOGLE_ANALYTICS_REGISTRATION_WITH_AD_NETWORK_ENABLED\")\n    _PLIST_ENTRY_TYPES+=(\"bool\")\n    _PLIST_ENTRY_VALUES+=(\"$(jsonBoolToYesNo \"$_ANALYTICS_REGISTRATION_WITH_AD_NETWORK\")\")\n  fi\n\n  # config.google_analytics_automatic_screen_reporting_enabled\n  _ANALYTICS_AUTO_SCREEN_REPORTING=$(getFirebaseJsonKeyValue \"$_JSON_OUTPUT_RAW\" \"google_analytics_automatic_screen_reporting_enabled\")\n  if [[ $_ANALYTICS_AUTO_SCREEN_REPORTING ]]; then\n    _PLIST_ENTRY_KEYS+=(\"FirebaseAutomaticScreenReportingEnabled\")\n    _PLIST_ENTRY_TYPES+=(\"bool\")\n    _PLIST_ENTRY_VALUES+=(\"$(jsonBoolToYesNo \"$_ANALYTICS_AUTO_SCREEN_REPORTING\")\")\n  fi\n\n  # config.perf_auto_collection_enabled\n  _PERF_AUTO_COLLECTION=$(getFirebaseJsonKeyValue \"$_JSON_OUTPUT_RAW\" \"perf_auto_collection_enabled\")\n  if [[ $_PERF_AUTO_COLLECTION ]]; then\n    _PLIST_ENTRY_KEYS+=(\"firebase_performance_collection_enabled\")\n    _PLIST_ENTRY_TYPES+=(\"bool\")\n    _PLIST_ENTRY_VALUES+=(\"$(jsonBoolToYesNo \"$_PERF_AUTO_COLLECTION\")\")\n  fi\n\n  # config.perf_collection_deactivated\n  _PERF_DEACTIVATED=$(getFirebaseJsonKeyValue \"$_JSON_OUTPUT_RAW\" \"perf_collection_deactivated\")\n  if [[ $_PERF_DEACTIVATED ]]; then\n    _PLIST_ENTRY_KEYS+=(\"firebase_performance_collection_deactivated\")\n    _PLIST_ENTRY_TYPES+=(\"bool\")\n    _PLIST_ENTRY_VALUES+=(\"$(jsonBoolToYesNo \"$_PERF_DEACTIVATED\")\")\n  fi\n\n  # config.messaging_auto_init_enabled\n  _MESSAGING_AUTO_INIT=$(getFirebaseJsonKeyValue \"$_JSON_OUTPUT_RAW\" \"messaging_auto_init_enabled\")\n  if [[ $_MESSAGING_AUTO_INIT ]]; then\n    _PLIST_ENTRY_KEYS+=(\"FirebaseMessagingAutoInitEnabled\")\n    _PLIST_ENTRY_TYPES+=(\"bool\")\n    _PLIST_ENTRY_VALUES+=(\"$(jsonBoolToYesNo \"$_MESSAGING_AUTO_INIT\")\")\n  fi\n\n  # config.in_app_messaging_auto_colllection_enabled\n  _FIAM_AUTO_INIT=$(getFirebaseJsonKeyValue \"$_JSON_OUTPUT_RAW\" \"in_app_messaging_auto_collection_enabled\")\n  if [[ $_FIAM_AUTO_INIT ]]; then\n    _PLIST_ENTRY_KEYS+=(\"FirebaseInAppMessagingAutomaticDataCollectionEnabled\")\n    _PLIST_ENTRY_TYPES+=(\"bool\")\n    _PLIST_ENTRY_VALUES+=(\"$(jsonBoolToYesNo \"$_FIAM_AUTO_INIT\")\")\n  fi\n\n  # config.app_check_token_auto_refresh\n  _APP_CHECK_TOKEN_AUTO_REFRESH=$(getFirebaseJsonKeyValue \"$_JSON_OUTPUT_RAW\" \"app_check_token_auto_refresh\")\n  if [[ $_APP_CHECK_TOKEN_AUTO_REFRESH ]]; then\n    _PLIST_ENTRY_KEYS+=(\"FirebaseAppCheckTokenAutoRefreshEnabled\")\n    _PLIST_ENTRY_TYPES+=(\"bool\")\n    _PLIST_ENTRY_VALUES+=(\"$(jsonBoolToYesNo \"$_APP_CHECK_TOKEN_AUTO_REFRESH\")\")\n  fi\n\n  # config.crashlytics_disable_auto_disabler - undocumented for now - mainly for debugging, document if becomes useful\n  _CRASHLYTICS_AUTO_DISABLE_ENABLED=$(getFirebaseJsonKeyValue \"$_JSON_OUTPUT_RAW\" \"crashlytics_disable_auto_disabler\")\n  if [[ $_CRASHLYTICS_AUTO_DISABLE_ENABLED == \"true\" ]]; then\n    echo \"Disabled Crashlytics auto disabler.\" # do nothing\n  else\n    _PLIST_ENTRY_KEYS+=(\"FirebaseCrashlyticsCollectionEnabled\")\n    _PLIST_ENTRY_TYPES+=(\"bool\")\n    _PLIST_ENTRY_VALUES+=(\"NO\")\n  fi\nelse\n  _PLIST_ENTRY_KEYS+=(\"firebase_json_raw\")\n  _PLIST_ENTRY_TYPES+=(\"string\")\n  _PLIST_ENTRY_VALUES+=(\"$_JSON_OUTPUT_BASE64\")\n  echo \"warning:   A firebase.json file was not found, whilst this file is optional it is recommended to include it to configure firebase services in React Native Firebase.\"\nfi;\n\necho \"info: 2) Injecting Info.plist entries: \"\n\n# Log out the keys we're adding\nfor i in \"${!_PLIST_ENTRY_KEYS[@]}\"; do\n  echo \"    ->  $i) ${_PLIST_ENTRY_KEYS[$i]}\" \"${_PLIST_ENTRY_TYPES[$i]}\" \"${_PLIST_ENTRY_VALUES[$i]}\"\ndone\n\nfor plist in \"${_TARGET_PLIST}\" \"${_DSYM_PLIST}\" ; do\n  if [[ -f \"${plist}\" ]]; then\n\n    # paths with spaces break the call to setPlistValue. temporarily modify\n    # the shell internal field separator variable (IFS), which normally\n    # includes spaces, to consist only of line breaks\n    oldifs=$IFS\n    IFS=\"\n\"\n\n    for i in \"${!_PLIST_ENTRY_KEYS[@]}\"; do\n      setPlistValue \"${_PLIST_ENTRY_KEYS[$i]}\" \"${_PLIST_ENTRY_TYPES[$i]}\" \"${_PLIST_ENTRY_VALUES[$i]}\" \"${plist}\"\n    done\n\n    # restore the original internal field separator value\n    IFS=$oldifs\n  else\n    echo \"warning:   A Info.plist build output file was not found (${plist})\"\n  fi\ndone\n\necho \"info: <- RNFB build script finished\"\n";
		};
		FB3D0F46CDA20A7F83D6E634 /* [CP] Embed Pods Frameworks */ = {
			isa = PBXShellScriptBuildPhase;
			buildActionMask = 2147483647;
			files = (
			);
			inputFileListPaths = (
				"${PODS_ROOT}/Target Support Files/Pods-ClearApp/Pods-ClearApp-frameworks-${CONFIGURATION}-input-files.xcfilelist",
			);
			name = "[CP] Embed Pods Frameworks";
			outputFileListPaths = (
				"${PODS_ROOT}/Target Support Files/Pods-ClearApp/Pods-ClearApp-frameworks-${CONFIGURATION}-output-files.xcfilelist",
			);
			runOnlyForDeploymentPostprocessing = 0;
			shellPath = /bin/sh;
			shellScript = "\"${PODS_ROOT}/Target Support Files/Pods-ClearApp/Pods-ClearApp-frameworks.sh\"\n";
			showEnvVarsInLog = 0;
		};
/* End PBXShellScriptBuildPhase section */

/* Begin PBXSourcesBuildPhase section */
		B33312B72B888E9A0040B0DF /* Sources */ = {
			isa = PBXSourcesBuildPhase;
			buildActionMask = 2147483647;
			files = (
				B33312E72B8B67410040B0DF /* main.m in Sources */,
				B33312E62B8B67370040B0DF /* AppDelegate.mm in Sources */,
			);
			runOnlyForDeploymentPostprocessing = 0;
		};
		B351B4AE2B888D9600CBEF8F /* Sources */ = {
			isa = PBXSourcesBuildPhase;
			buildActionMask = 2147483647;
			files = (
			);
			runOnlyForDeploymentPostprocessing = 0;
		};
/* End PBXSourcesBuildPhase section */

/* Begin XCBuildConfiguration section */
		83CBBA201A601CBA00E9B192 /* Debug */ = {
			isa = XCBuildConfiguration;
			buildSettings = {
				ALWAYS_EMBED_SWIFT_STANDARD_LIBRARIES = YES;
				ALWAYS_SEARCH_USER_PATHS = NO;
				CLANG_ANALYZER_LOCALIZABILITY_NONLOCALIZED = YES;
				CLANG_CXX_LANGUAGE_STANDARD = "c++20";
				CLANG_CXX_LIBRARY = "libc++";
				CLANG_ENABLE_MODULES = YES;
				CLANG_ENABLE_OBJC_ARC = YES;
				CLANG_WARN_BLOCK_CAPTURE_AUTORELEASING = YES;
				CLANG_WARN_BOOL_CONVERSION = YES;
				CLANG_WARN_COMMA = YES;
				CLANG_WARN_CONSTANT_CONVERSION = YES;
				CLANG_WARN_DEPRECATED_OBJC_IMPLEMENTATIONS = YES;
				CLANG_WARN_DIRECT_OBJC_ISA_USAGE = YES_ERROR;
				CLANG_WARN_EMPTY_BODY = YES;
				CLANG_WARN_ENUM_CONVERSION = YES;
				CLANG_WARN_INFINITE_RECURSION = YES;
				CLANG_WARN_INT_CONVERSION = YES;
				CLANG_WARN_NON_LITERAL_NULL_CONVERSION = YES;
				CLANG_WARN_OBJC_IMPLICIT_RETAIN_SELF = YES;
				CLANG_WARN_OBJC_LITERAL_CONVERSION = YES;
				CLANG_WARN_OBJC_ROOT_CLASS = YES_ERROR;
				CLANG_WARN_QUOTED_INCLUDE_IN_FRAMEWORK_HEADER = YES;
				CLANG_WARN_RANGE_LOOP_ANALYSIS = YES;
				CLANG_WARN_STRICT_PROTOTYPES = YES;
				CLANG_WARN_SUSPICIOUS_MOVE = YES;
				CLANG_WARN_UNREACHABLE_CODE = YES;
				CLANG_WARN__DUPLICATE_METHOD_MATCH = YES;
				"CODE_SIGN_IDENTITY[sdk=iphoneos*]" = "iPhone Developer";
				COPY_PHASE_STRIP = NO;
				DEVELOPMENT_TEAM = C3MCRX88FF;
				ENABLE_STRICT_OBJC_MSGSEND = YES;
				ENABLE_TESTABILITY = YES;
				"EXCLUDED_ARCHS[sdk=iphonesimulator*]" = i386;
				GCC_C_LANGUAGE_STANDARD = gnu99;
				GCC_DYNAMIC_NO_PIC = NO;
				GCC_NO_COMMON_BLOCKS = YES;
				GCC_OPTIMIZATION_LEVEL = 0;
				GCC_PREPROCESSOR_DEFINITIONS = (
					"DEBUG=1",
					"$(inherited)",
				);
				GCC_SYMBOLS_PRIVATE_EXTERN = NO;
				GCC_WARN_64_TO_32_BIT_CONVERSION = YES;
				GCC_WARN_ABOUT_RETURN_TYPE = YES_ERROR;
				GCC_WARN_UNDECLARED_SELECTOR = YES;
				GCC_WARN_UNINITIALIZED_AUTOS = YES_AGGRESSIVE;
				GCC_WARN_UNUSED_FUNCTION = YES;
				GCC_WARN_UNUSED_VARIABLE = YES;
				HEADER_SEARCH_PATHS = (
					"$(inherited)",
					"${PODS_CONFIGURATION_BUILD_DIR}/ReactCommon/ReactCommon.framework/Headers",
					"${PODS_CONFIGURATION_BUILD_DIR}/ReactCommon/ReactCommon.framework/Headers/react/nativemodule/core",
					"${PODS_CONFIGURATION_BUILD_DIR}/ReactCommon-Samples/ReactCommon_Samples.framework/Headers",
					"${PODS_CONFIGURATION_BUILD_DIR}/ReactCommon-Samples/ReactCommon_Samples.framework/Headers/platform/ios",
					"${PODS_CONFIGURATION_BUILD_DIR}/React-Fabric/React_Fabric.framework/Headers/react/renderer/components/view/platform/cxx",
					"${PODS_CONFIGURATION_BUILD_DIR}/React-NativeModulesApple/React_NativeModulesApple.framework/Headers",
					"${PODS_CONFIGURATION_BUILD_DIR}/React-graphics/React_graphics.framework/Headers",
					"${PODS_CONFIGURATION_BUILD_DIR}/React-graphics/React_graphics.framework/Headers/react/renderer/graphics/platform/ios",
				);
				IPHONEOS_DEPLOYMENT_TARGET = 13.4;
				LD_RUNPATH_SEARCH_PATHS = (
					/usr/lib/swift,
					"$(inherited)",
				);
				LIBRARY_SEARCH_PATHS = (
					"\"$(SDKROOT)/usr/lib/swift\"",
					"\"$(TOOLCHAIN_DIR)/usr/lib/swift/$(PLATFORM_NAME)\"",
					"\"$(inherited)\"",
				);
				MTL_ENABLE_DEBUG_INFO = YES;
				ONLY_ACTIVE_ARCH = YES;
				OTHER_CFLAGS = "$(inherited)  ";
				OTHER_CPLUSPLUSFLAGS = (
					"$(OTHER_CFLAGS)",
					"-DFOLLY_NO_CONFIG",
					"-DFOLLY_MOBILE=1",
					"-DFOLLY_USE_LIBCPP=1",
					"-DFOLLY_CFG_NO_COROUTINES=1",
				);
				OTHER_LDFLAGS = (
					"$(inherited)",
					"-Wl",
					"-ld_classic",
				);
				REACT_NATIVE_PATH = "${PODS_ROOT}/../../node_modules/react-native";
				SDKROOT = iphoneos;
				USE_HERMES = true;
			};
			name = Debug;
		};
		83CBBA211A601CBA00E9B192 /* Release */ = {
			isa = XCBuildConfiguration;
			buildSettings = {
				ALWAYS_EMBED_SWIFT_STANDARD_LIBRARIES = YES;
				ALWAYS_SEARCH_USER_PATHS = NO;
				CLANG_ANALYZER_LOCALIZABILITY_NONLOCALIZED = YES;
				CLANG_CXX_LANGUAGE_STANDARD = "c++20";
				CLANG_CXX_LIBRARY = "libc++";
				CLANG_ENABLE_MODULES = YES;
				CLANG_ENABLE_OBJC_ARC = YES;
				CLANG_WARN_BLOCK_CAPTURE_AUTORELEASING = YES;
				CLANG_WARN_BOOL_CONVERSION = YES;
				CLANG_WARN_COMMA = YES;
				CLANG_WARN_CONSTANT_CONVERSION = YES;
				CLANG_WARN_DEPRECATED_OBJC_IMPLEMENTATIONS = YES;
				CLANG_WARN_DIRECT_OBJC_ISA_USAGE = YES_ERROR;
				CLANG_WARN_EMPTY_BODY = YES;
				CLANG_WARN_ENUM_CONVERSION = YES;
				CLANG_WARN_INFINITE_RECURSION = YES;
				CLANG_WARN_INT_CONVERSION = YES;
				CLANG_WARN_NON_LITERAL_NULL_CONVERSION = YES;
				CLANG_WARN_OBJC_IMPLICIT_RETAIN_SELF = YES;
				CLANG_WARN_OBJC_LITERAL_CONVERSION = YES;
				CLANG_WARN_OBJC_ROOT_CLASS = YES_ERROR;
				CLANG_WARN_QUOTED_INCLUDE_IN_FRAMEWORK_HEADER = YES;
				CLANG_WARN_RANGE_LOOP_ANALYSIS = YES;
				CLANG_WARN_STRICT_PROTOTYPES = YES;
				CLANG_WARN_SUSPICIOUS_MOVE = YES;
				CLANG_WARN_UNREACHABLE_CODE = YES;
				CLANG_WARN__DUPLICATE_METHOD_MATCH = YES;
				"CODE_SIGN_IDENTITY[sdk=iphoneos*]" = "iPhone Developer";
				COPY_PHASE_STRIP = YES;
				DEVELOPMENT_TEAM = C3MCRX88FF;
				ENABLE_NS_ASSERTIONS = NO;
				ENABLE_STRICT_OBJC_MSGSEND = YES;
				"EXCLUDED_ARCHS[sdk=iphonesimulator*]" = i386;
				GCC_C_LANGUAGE_STANDARD = gnu99;
				GCC_NO_COMMON_BLOCKS = YES;
				GCC_WARN_64_TO_32_BIT_CONVERSION = YES;
				GCC_WARN_ABOUT_RETURN_TYPE = YES_ERROR;
				GCC_WARN_UNDECLARED_SELECTOR = YES;
				GCC_WARN_UNINITIALIZED_AUTOS = YES_AGGRESSIVE;
				GCC_WARN_UNUSED_FUNCTION = YES;
				GCC_WARN_UNUSED_VARIABLE = YES;
				HEADER_SEARCH_PATHS = (
					"$(inherited)",
					"${PODS_CONFIGURATION_BUILD_DIR}/ReactCommon/ReactCommon.framework/Headers",
					"${PODS_CONFIGURATION_BUILD_DIR}/ReactCommon/ReactCommon.framework/Headers/react/nativemodule/core",
					"${PODS_CONFIGURATION_BUILD_DIR}/ReactCommon-Samples/ReactCommon_Samples.framework/Headers",
					"${PODS_CONFIGURATION_BUILD_DIR}/ReactCommon-Samples/ReactCommon_Samples.framework/Headers/platform/ios",
					"${PODS_CONFIGURATION_BUILD_DIR}/React-Fabric/React_Fabric.framework/Headers/react/renderer/components/view/platform/cxx",
					"${PODS_CONFIGURATION_BUILD_DIR}/React-NativeModulesApple/React_NativeModulesApple.framework/Headers",
					"${PODS_CONFIGURATION_BUILD_DIR}/React-graphics/React_graphics.framework/Headers",
					"${PODS_CONFIGURATION_BUILD_DIR}/React-graphics/React_graphics.framework/Headers/react/renderer/graphics/platform/ios",
				);
				IPHONEOS_DEPLOYMENT_TARGET = 13.4;
				LD_RUNPATH_SEARCH_PATHS = (
					/usr/lib/swift,
					"$(inherited)",
				);
				LIBRARY_SEARCH_PATHS = (
					"\"$(SDKROOT)/usr/lib/swift\"",
					"\"$(TOOLCHAIN_DIR)/usr/lib/swift/$(PLATFORM_NAME)\"",
					"\"$(inherited)\"",
				);
				MTL_ENABLE_DEBUG_INFO = NO;
				OTHER_CFLAGS = "$(inherited)  ";
				OTHER_CPLUSPLUSFLAGS = (
					"$(OTHER_CFLAGS)",
					"-DFOLLY_NO_CONFIG",
					"-DFOLLY_MOBILE=1",
					"-DFOLLY_USE_LIBCPP=1",
					"-DFOLLY_CFG_NO_COROUTINES=1",
				);
				OTHER_LDFLAGS = (
					"$(inherited)",
					"-Wl",
					"-ld_classic",
				);
				REACT_NATIVE_PATH = "${PODS_ROOT}/../../node_modules/react-native";
				SDKROOT = iphoneos;
				USE_HERMES = true;
				VALIDATE_PRODUCT = YES;
			};
			name = Release;
		};
		B33312DC2B888E9C0040B0DF /* Debug */ = {
			isa = XCBuildConfiguration;
			baseConfigurationReference = 3B4392A12AC88292D35C810B /* Pods-ClearApp.debug.xcconfig */;
			buildSettings = {
				ASSETCATALOG_COMPILER_APPICON_NAME = AppIcon;
				ASSETCATALOG_COMPILER_GENERATE_SWIFT_ASSET_SYMBOL_EXTENSIONS = YES;
				ASSETCATALOG_COMPILER_GLOBAL_ACCENT_COLOR_NAME = AccentColor;
				CLANG_ANALYZER_NONNULL = YES;
				CLANG_ANALYZER_NUMBER_OBJECT_CONVERSION = YES_AGGRESSIVE;
				CLANG_CXX_LANGUAGE_STANDARD = "gnu++20";
				CLANG_ENABLE_OBJC_WEAK = YES;
				CLANG_WARN_DOCUMENTATION_COMMENTS = YES;
				CLANG_WARN_UNGUARDED_AVAILABILITY = YES_AGGRESSIVE;
				CODE_SIGN_ENTITLEMENTS = ClearApp/ClearApp.entitlements;
				CODE_SIGN_IDENTITY = "Apple Development";
				CODE_SIGN_STYLE = Automatic;
				CURRENT_PROJECT_VERSION = 2;
				DEBUG_INFORMATION_FORMAT = dwarf;
				DEVELOPMENT_ASSET_PATHS = "\"ClearApp/Preview Content\"";
				DEVELOPMENT_TEAM = RAULN65H6C;
				ENABLE_PREVIEWS = YES;
				ENABLE_USER_SCRIPT_SANDBOXING = NO;
				GCC_C_LANGUAGE_STANDARD = gnu17;
				GENERATE_INFOPLIST_FILE = NO;
				INFOPLIST_FILE = ClearApp/Info.plist;
				INFOPLIST_KEY_CFBundleDisplayName = ClearApp;
				INFOPLIST_KEY_LSApplicationCategoryType = "public.app-category.finance";
				INFOPLIST_KEY_UIApplicationSceneManifest_Generation = NO;
				INFOPLIST_KEY_UIApplicationSupportsIndirectInputEvents = NO;
				INFOPLIST_KEY_UILaunchScreen_Generation = NO;
				INFOPLIST_KEY_UISupportedInterfaceOrientations_iPad = "UIInterfaceOrientationPortrait UIInterfaceOrientationPortraitUpsideDown UIInterfaceOrientationLandscapeLeft UIInterfaceOrientationLandscapeRight";
				INFOPLIST_KEY_UISupportedInterfaceOrientations_iPhone = "UIInterfaceOrientationPortrait UIInterfaceOrientationLandscapeLeft UIInterfaceOrientationLandscapeRight";
				IPHONEOS_DEPLOYMENT_TARGET = 17.2;
				LD_RUNPATH_SEARCH_PATHS = (
					"$(inherited)",
					"'@executable_path/Frameworks'",
				);
				LOCALIZATION_PREFERS_STRING_CATALOGS = YES;
				MARKETING_VERSION = 1.01;
				MTL_ENABLE_DEBUG_INFO = INCLUDE_SOURCE;
				MTL_FAST_MATH = YES;
				PRODUCT_BUNDLE_IDENTIFIER = com.doogie.Doggietransfer.ClearApp2;
				PRODUCT_NAME = "$(TARGET_NAME)";
				PROVISIONING_PROFILE_SPECIFIER = "";
				SWIFT_ACTIVE_COMPILATION_CONDITIONS = "DEBUG $(inherited)";
				SWIFT_EMIT_LOC_STRINGS = YES;
				SWIFT_OPTIMIZATION_LEVEL = "-Onone";
				SWIFT_VERSION = 5.0;
				TARGETED_DEVICE_FAMILY = 1;
				VERSIONING_SYSTEM = "apple-generic";
			};
			name = Debug;
		};
		B33312DD2B888E9C0040B0DF /* Release */ = {
			isa = XCBuildConfiguration;
			baseConfigurationReference = 5709B34CF0A7D63546082F79 /* Pods-ClearApp.release.xcconfig */;
			buildSettings = {
				ASSETCATALOG_COMPILER_APPICON_NAME = AppIcon;
				ASSETCATALOG_COMPILER_GENERATE_SWIFT_ASSET_SYMBOL_EXTENSIONS = YES;
				ASSETCATALOG_COMPILER_GLOBAL_ACCENT_COLOR_NAME = AccentColor;
				CLANG_ANALYZER_NONNULL = YES;
				CLANG_ANALYZER_NUMBER_OBJECT_CONVERSION = YES_AGGRESSIVE;
				CLANG_CXX_LANGUAGE_STANDARD = "gnu++20";
				CLANG_ENABLE_OBJC_WEAK = YES;
				CLANG_WARN_DOCUMENTATION_COMMENTS = YES;
				CLANG_WARN_UNGUARDED_AVAILABILITY = YES_AGGRESSIVE;
				CODE_SIGN_ENTITLEMENTS = ClearApp/ClearApp.entitlements;
				CODE_SIGN_IDENTITY = "Apple Development";
				CODE_SIGN_STYLE = Automatic;
				COPY_PHASE_STRIP = YES;
				CURRENT_PROJECT_VERSION = 2;
				DEBUG_INFORMATION_FORMAT = "dwarf-with-dsym";
				DEVELOPMENT_ASSET_PATHS = "\"ClearApp/Preview Content\"";
				DEVELOPMENT_TEAM = RAULN65H6C;
				ENABLE_PREVIEWS = YES;
				ENABLE_USER_SCRIPT_SANDBOXING = NO;
				GCC_C_LANGUAGE_STANDARD = gnu17;
				GENERATE_INFOPLIST_FILE = NO;
				INFOPLIST_FILE = ClearApp/Info.plist;
				INFOPLIST_KEY_CFBundleDisplayName = ClearApp;
				INFOPLIST_KEY_LSApplicationCategoryType = "public.app-category.finance";
				INFOPLIST_KEY_UIApplicationSceneManifest_Generation = NO;
				INFOPLIST_KEY_UIApplicationSupportsIndirectInputEvents = NO;
				INFOPLIST_KEY_UILaunchScreen_Generation = NO;
				INFOPLIST_KEY_UISupportedInterfaceOrientations_iPad = "UIInterfaceOrientationPortrait UIInterfaceOrientationPortraitUpsideDown UIInterfaceOrientationLandscapeLeft UIInterfaceOrientationLandscapeRight";
				INFOPLIST_KEY_UISupportedInterfaceOrientations_iPhone = "UIInterfaceOrientationPortrait UIInterfaceOrientationLandscapeLeft UIInterfaceOrientationLandscapeRight";
				IPHONEOS_DEPLOYMENT_TARGET = 17.2;
				LD_RUNPATH_SEARCH_PATHS = (
					"$(inherited)",
					"'@executable_path/Frameworks'",
				);
				LOCALIZATION_PREFERS_STRING_CATALOGS = YES;
				MARKETING_VERSION = 1.01;
				MTL_FAST_MATH = YES;
				PRODUCT_BUNDLE_IDENTIFIER = com.doogie.Doggietransfer.ClearApp2;
				PRODUCT_NAME = "$(TARGET_NAME)";
				PROVISIONING_PROFILE_SPECIFIER = "";
				SWIFT_COMPILATION_MODE = wholemodule;
				SWIFT_EMIT_LOC_STRINGS = YES;
				SWIFT_VERSION = 5.0;
				TARGETED_DEVICE_FAMILY = 1;
				VERSIONING_SYSTEM = "apple-generic";
			};
			name = Release;
		};
		B351B4C82B888D9700CBEF8F /* Debug */ = {
			isa = XCBuildConfiguration;
			baseConfigurationReference = 1E6A81F35230208A6C2F6B1B /* Pods-ClearApp-ClearAppTests.debug.xcconfig */;
			buildSettings = {
				ALWAYS_EMBED_SWIFT_STANDARD_LIBRARIES = YES;
				ASSETCATALOG_COMPILER_GENERATE_SWIFT_ASSET_SYMBOL_EXTENSIONS = YES;
				BUNDLE_LOADER = "$(TEST_HOST)";
				CLANG_ANALYZER_NONNULL = YES;
				CLANG_ANALYZER_NUMBER_OBJECT_CONVERSION = YES_AGGRESSIVE;
				CLANG_CXX_LANGUAGE_STANDARD = "gnu++20";
				CLANG_ENABLE_OBJC_WEAK = YES;
				CLANG_WARN_DOCUMENTATION_COMMENTS = YES;
				CLANG_WARN_UNGUARDED_AVAILABILITY = YES_AGGRESSIVE;
				CODE_SIGN_STYLE = Automatic;
				CURRENT_PROJECT_VERSION = 1;
				DEBUG_INFORMATION_FORMAT = dwarf;
				DEVELOPMENT_TEAM = C3MCRX88FF;
				ENABLE_USER_SCRIPT_SANDBOXING = NO;
				GCC_C_LANGUAGE_STANDARD = gnu17;
				GENERATE_INFOPLIST_FILE = YES;
				IPHONEOS_DEPLOYMENT_TARGET = 17.2;
				LOCALIZATION_PREFERS_STRING_CATALOGS = YES;
				MARKETING_VERSION = 1.0;
				MTL_ENABLE_DEBUG_INFO = INCLUDE_SOURCE;
				MTL_FAST_MATH = YES;
				PRODUCT_BUNDLE_IDENTIFIER = "com.doogie.Doggie-transfer.ClearAppTests";
				PRODUCT_NAME = "$(TARGET_NAME)";
				SWIFT_ACTIVE_COMPILATION_CONDITIONS = "DEBUG $(inherited)";
				SWIFT_EMIT_LOC_STRINGS = NO;
				SWIFT_OPTIMIZATION_LEVEL = "-Onone";
				SWIFT_VERSION = 5.0;
				TARGETED_DEVICE_FAMILY = "1,2";
				TEST_HOST = "$(BUILT_PRODUCTS_DIR)/ClearApp.app/$(BUNDLE_EXECUTABLE_FOLDER_PATH)/ClearApp";
			};
			name = Debug;
		};
		B351B4C92B888D9700CBEF8F /* Release */ = {
			isa = XCBuildConfiguration;
			baseConfigurationReference = BA646354B2E6120E0552F9DA /* Pods-ClearApp-ClearAppTests.release.xcconfig */;
			buildSettings = {
				ALWAYS_EMBED_SWIFT_STANDARD_LIBRARIES = YES;
				ASSETCATALOG_COMPILER_GENERATE_SWIFT_ASSET_SYMBOL_EXTENSIONS = YES;
				BUNDLE_LOADER = "$(TEST_HOST)";
				CLANG_ANALYZER_NONNULL = YES;
				CLANG_ANALYZER_NUMBER_OBJECT_CONVERSION = YES_AGGRESSIVE;
				CLANG_CXX_LANGUAGE_STANDARD = "gnu++20";
				CLANG_ENABLE_OBJC_WEAK = YES;
				CLANG_WARN_DOCUMENTATION_COMMENTS = YES;
				CLANG_WARN_UNGUARDED_AVAILABILITY = YES_AGGRESSIVE;
				CODE_SIGN_STYLE = Automatic;
				COPY_PHASE_STRIP = NO;
				CURRENT_PROJECT_VERSION = 1;
				DEBUG_INFORMATION_FORMAT = "dwarf-with-dsym";
				DEVELOPMENT_TEAM = C3MCRX88FF;
				ENABLE_USER_SCRIPT_SANDBOXING = NO;
				GCC_C_LANGUAGE_STANDARD = gnu17;
				GENERATE_INFOPLIST_FILE = YES;
				IPHONEOS_DEPLOYMENT_TARGET = 17.2;
				LOCALIZATION_PREFERS_STRING_CATALOGS = YES;
				MARKETING_VERSION = 1.0;
				MTL_FAST_MATH = YES;
				PRODUCT_BUNDLE_IDENTIFIER = "com.doogie.Doggie-transfer.ClearAppTests";
				PRODUCT_NAME = "$(TARGET_NAME)";
				SWIFT_COMPILATION_MODE = wholemodule;
				SWIFT_EMIT_LOC_STRINGS = NO;
				SWIFT_VERSION = 5.0;
				TARGETED_DEVICE_FAMILY = "1,2";
				TEST_HOST = "$(BUILT_PRODUCTS_DIR)/ClearApp.app/$(BUNDLE_EXECUTABLE_FOLDER_PATH)/ClearApp";
			};
			name = Release;
		};
/* End XCBuildConfiguration section */

/* Begin XCConfigurationList section */
		83CBB9FA1A601CBA00E9B192 /* Build configuration list for PBXProject "ClearApp" */ = {
			isa = XCConfigurationList;
			buildConfigurations = (
				83CBBA201A601CBA00E9B192 /* Debug */,
				83CBBA211A601CBA00E9B192 /* Release */,
			);
			defaultConfigurationIsVisible = 0;
			defaultConfigurationName = Release;
		};
		B33312E22B888E9C0040B0DF /* Build configuration list for PBXNativeTarget "ClearApp" */ = {
			isa = XCConfigurationList;
			buildConfigurations = (
				B33312DC2B888E9C0040B0DF /* Debug */,
				B33312DD2B888E9C0040B0DF /* Release */,
			);
			defaultConfigurationIsVisible = 0;
			defaultConfigurationName = Release;
		};
		B351B4C72B888D9700CBEF8F /* Build configuration list for PBXNativeTarget "ClearAppTests" */ = {
			isa = XCConfigurationList;
			buildConfigurations = (
				B351B4C82B888D9700CBEF8F /* Debug */,
				B351B4C92B888D9700CBEF8F /* Release */,
			);
			defaultConfigurationIsVisible = 0;
			defaultConfigurationName = Release;
		};
/* End XCConfigurationList section */
	};
	rootObject = 83CBB9F71A601CBA00E9B192 /* Project object */;
}
